
Microsoft Visual Studio Solution File, Format Version 12.00
# Visual Studio 15
VisualStudioVersion = 15.0.27130.2020
MinimumVisualStudioVersion = 10.0.40219.1
Project("{FAE04EC0-301F-11D3-BF4B-00C04F79EFBC}") = "FinalProjectT3", "FinalProjectT3\FinalProjectT3.csproj", "{1CE4F27B-9679-4EC7-B8D1-61C2AA33C6E0}"
EndProject
Global
	GlobalSection(SolutionConfigurationPlatforms) = preSolution
		Debug|Any CPU = Debug|Any CPU
		Release|Any CPU = Release|Any CPU
	EndGlobalSection
	GlobalSection(ProjectConfigurationPlatforms) = postSolution
		{1CE4F27B-9679-4EC7-B8D1-61C2AA33C6E0}.Debug|Any CPU.ActiveCfg = Debug|Any CPU
		{1CE4F27B-9679-4EC7-B8D1-61C2AA33C6E0}.Debug|Any CPU.Build.0 = Debug|Any CPU
		{1CE4F27B-9679-4EC7-B8D1-61C2AA33C6E0}.Release|Any CPU.ActiveCfg = Release|Any CPU
		{1CE4F27B-9679-4EC7-B8D1-61C2AA33C6E0}.Release|Any CPU.Build.0 = Release|Any CPU
	EndGlobalSection
	GlobalSection(SolutionProperties) = preSolution
		HideSolutionNode = FALSE
	EndGlobalSection
	GlobalSection(ExtensibilityGlobals) = postSolution
		SolutionGuid = {22017159-4821-4841-86C7-F377BB326D32}
	EndGlobalSection
EndGlobal
